
Microsoft Visual Studio Solution File, Format Version 12.00
# Visual Studio Version 17
VisualStudioVersion = 17.0.31903.59
MinimumVisualStudioVersion = 10.0.40219.1
Project("{FAE04EC0-301F-11D3-BF4B-00C04F79EFBC}") = "AdventOfCode2023.Console", "AdventOfCode2023.Console\AdventOfCode2023.Console.csproj", "{2BD6B3A7-AB7A-4564-9B75-763774324396}"
EndProject
Project("{FAE04EC0-301F-11D3-BF4B-00C04F79EFBC}") = "AdventOfCode2023.Day_1", "AdventOfCode2023.Day_1\AdventOfCode2023.Day_1.csproj", "{39F594BC-4F27-4510-B090-DB5B683A713A}"
EndProject
Project("{FAE04EC0-301F-11D3-BF4B-00C04F79EFBC}") = "AdventOfCode2023.Tests", "AdventOfCode2023.Tests\AdventOfCode2023.Tests.csproj", "{05A3C203-01F2-4E3A-A4A0-EEB7B8A32EDA}"
EndProject
Global
	GlobalSection(SolutionConfigurationPlatforms) = preSolution
		Debug|Any CPU = Debug|Any CPU
		Release|Any CPU = Release|Any CPU
	EndGlobalSection
	GlobalSection(SolutionProperties) = preSolution
		HideSolutionNode = FALSE
	EndGlobalSection
	GlobalSection(ProjectConfigurationPlatforms) = postSolution
		{2BD6B3A7-AB7A-4564-9B75-763774324396}.Debug|Any CPU.ActiveCfg = Debug|Any CPU
		{2BD6B3A7-AB7A-4564-9B75-763774324396}.Debug|Any CPU.Build.0 = Debug|Any CPU
		{2BD6B3A7-AB7A-4564-9B75-763774324396}.Release|Any CPU.ActiveCfg = Release|Any CPU
		{2BD6B3A7-AB7A-4564-9B75-763774324396}.Release|Any CPU.Build.0 = Release|Any CPU
		{39F594BC-4F27-4510-B090-DB5B683A713A}.Debug|Any CPU.ActiveCfg = Debug|Any CPU
		{39F594BC-4F27-4510-B090-DB5B683A713A}.Debug|Any CPU.Build.0 = Debug|Any CPU
		{39F594BC-4F27-4510-B090-DB5B683A713A}.Release|Any CPU.ActiveCfg = Release|Any CPU
		{39F594BC-4F27-4510-B090-DB5B683A713A}.Release|Any CPU.Build.0 = Release|Any CPU
		{05A3C203-01F2-4E3A-A4A0-EEB7B8A32EDA}.Debug|Any CPU.ActiveCfg = Debug|Any CPU
		{05A3C203-01F2-4E3A-A4A0-EEB7B8A32EDA}.Debug|Any CPU.Build.0 = Debug|Any CPU
		{05A3C203-01F2-4E3A-A4A0-EEB7B8A32EDA}.Release|Any CPU.ActiveCfg = Release|Any CPU
		{05A3C203-01F2-4E3A-A4A0-EEB7B8A32EDA}.Release|Any CPU.Build.0 = Release|Any CPU
	EndGlobalSection
EndGlobal
