
Microsoft Visual Studio Solution File, Format Version 12.00
# Visual Studio Version 17
VisualStudioVersion = 17.0.31903.59
MinimumVisualStudioVersion = 10.0.40219.1
Project("{9A19103F-16F7-4668-BE54-9A1E7A4F7556}") = "AdventOfCode2023.Tests", "AdventOfCode2023.Tests\AdventOfCode2023.Tests.csproj", "{05A3C203-01F2-4E3A-A4A0-EEB7B8A32EDA}"
EndProject
Project("{9A19103F-16F7-4668-BE54-9A1E7A4F7556}") = "AdventOfCode2023.ConsoleApp", "AdventOfCode2023.ConsoleApp\AdventOfCode2023.ConsoleApp.csproj", "{CBF6A926-30BA-42E9-8882-DD182DF2066B}"
EndProject
Global
	GlobalSection(SolutionConfigurationPlatforms) = preSolution
		Debug|Any CPU = Debug|Any CPU
		Release|Any CPU = Release|Any CPU
	EndGlobalSection
	GlobalSection(ProjectConfigurationPlatforms) = postSolution
		{05A3C203-01F2-4E3A-A4A0-EEB7B8A32EDA}.Debug|Any CPU.ActiveCfg = Debug|Any CPU
		{05A3C203-01F2-4E3A-A4A0-EEB7B8A32EDA}.Debug|Any CPU.Build.0 = Debug|Any CPU
		{05A3C203-01F2-4E3A-A4A0-EEB7B8A32EDA}.Release|Any CPU.ActiveCfg = Release|Any CPU
		{05A3C203-01F2-4E3A-A4A0-EEB7B8A32EDA}.Release|Any CPU.Build.0 = Release|Any CPU
		{CBF6A926-30BA-42E9-8882-DD182DF2066B}.Debug|Any CPU.ActiveCfg = Debug|Any CPU
		{CBF6A926-30BA-42E9-8882-DD182DF2066B}.Debug|Any CPU.Build.0 = Debug|Any CPU
		{CBF6A926-30BA-42E9-8882-DD182DF2066B}.Release|Any CPU.ActiveCfg = Release|Any CPU
		{CBF6A926-30BA-42E9-8882-DD182DF2066B}.Release|Any CPU.Build.0 = Release|Any CPU
	EndGlobalSection
	GlobalSection(SolutionProperties) = preSolution
		HideSolutionNode = FALSE
	EndGlobalSection
	GlobalSection(ExtensibilityGlobals) = postSolution
		SolutionGuid = {FACD1487-F934-4287-A55D-802B76365C1F}
	EndGlobalSection
EndGlobal
